
Microsoft Visual Studio Solution File, Format Version 12.00
# Visual Studio Version 16
VisualStudioVersion = 16.0.31624.102
MinimumVisualStudioVersion = 10.0.40219.1
Project("{FAE04EC0-301F-11D3-BF4B-00C04F79EFBC}") = "TestProject1", "TestProject1.csproj", "{566C69DA-1683-413F-8D14-61CF44724DEA}"
EndProject
Global
	GlobalSection(SolutionConfigurationPlatforms) = preSolution
		Debug|Any CPU = Debug|Any CPU
		Release|Any CPU = Release|Any CPU
	EndGlobalSection
	GlobalSection(ProjectConfigurationPlatforms) = postSolution
		{566C69DA-1683-413F-8D14-61CF44724DEA}.Debug|Any CPU.ActiveCfg = Debug|Any CPU
		{566C69DA-1683-413F-8D14-61CF44724DEA}.Debug|Any CPU.Build.0 = Debug|Any CPU
		{566C69DA-1683-413F-8D14-61CF44724DEA}.Release|Any CPU.ActiveCfg = Release|Any CPU
		{566C69DA-1683-413F-8D14-61CF44724DEA}.Release|Any CPU.Build.0 = Release|Any CPU
	EndGlobalSection
	GlobalSection(SolutionProperties) = preSolution
		HideSolutionNode = FALSE
	EndGlobalSection
	GlobalSection(ExtensibilityGlobals) = postSolution
		SolutionGuid = {C39063C7-0022-4E16-B019-897700F40D23}
	EndGlobalSection
EndGlobal
